
Microsoft Visual Studio Solution File, Format Version 12.00
# Visual Studio Version 16
VisualStudioVersion = 16.0.31829.152
MinimumVisualStudioVersion = 10.0.40219.1
Project("{FAE04EC0-301F-11D3-BF4B-00C04F79EFBC}") = "winscpdex", "winscpdex\winscpdex.csproj", "{C0AFAA03-BC08-4413-9482-99061B4A5E5B}"
EndProject
Global
	GlobalSection(SolutionConfigurationPlatforms) = preSolution
		Debug|Any CPU = Debug|Any CPU
		Release|Any CPU = Release|Any CPU
	EndGlobalSection
	GlobalSection(ProjectConfigurationPlatforms) = postSolution
		{C0AFAA03-BC08-4413-9482-99061B4A5E5B}.Debug|Any CPU.ActiveCfg = Debug|Any CPU
		{C0AFAA03-BC08-4413-9482-99061B4A5E5B}.Debug|Any CPU.Build.0 = Debug|Any CPU
		{C0AFAA03-BC08-4413-9482-99061B4A5E5B}.Release|Any CPU.ActiveCfg = Release|Any CPU
		{C0AFAA03-BC08-4413-9482-99061B4A5E5B}.Release|Any CPU.Build.0 = Release|Any CPU
	EndGlobalSection
	GlobalSection(SolutionProperties) = preSolution
		HideSolutionNode = FALSE
	EndGlobalSection
	GlobalSection(ExtensibilityGlobals) = postSolution
		SolutionGuid = {000D73A3-DF24-4CF0-8BA4-CA0719C67462}
	EndGlobalSection
EndGlobal
